
Microsoft Visual Studio Solution File, Format Version 12.00
# Visual Studio Version 16
VisualStudioVersion = 25.0.1706.12
MinimumVisualStudioVersion = 10.0.40219.1
Project("{FAE04EC0-301F-11D3-BF4B-00C04F79EFBC}") = "Task-App-MVC-Web", "Task-App-MVC-Web\Task-App-MVC-Web.csproj", "{A25DBAD2-7455-46A7-BCD4-DCAD04922075}"
EndProject
Global
	GlobalSection(SolutionConfigurationPlatforms) = preSolution
		Debug|Any CPU = Debug|Any CPU
		Release|Any CPU = Release|Any CPU
	EndGlobalSection
	GlobalSection(ProjectConfigurationPlatforms) = postSolution
		{A25DBAD2-7455-46A7-BCD4-DCAD04922075}.Debug|Any CPU.ActiveCfg = Debug|Any CPU
		{A25DBAD2-7455-46A7-BCD4-DCAD04922075}.Debug|Any CPU.Build.0 = Debug|Any CPU
		{A25DBAD2-7455-46A7-BCD4-DCAD04922075}.Release|Any CPU.ActiveCfg = Release|Any CPU
		{A25DBAD2-7455-46A7-BCD4-DCAD04922075}.Release|Any CPU.Build.0 = Release|Any CPU
	EndGlobalSection
	GlobalSection(SolutionProperties) = preSolution
		HideSolutionNode = FALSE
	EndGlobalSection
	GlobalSection(ExtensibilityGlobals) = postSolution
		SolutionGuid = {3E987A8F-97B5-427E-A28B-7FE2FFC0F4C8}
	EndGlobalSection
EndGlobal
